
Microsoft Visual Studio Solution File, Format Version 12.00
# Visual Studio 2013
VisualStudioVersion = 12.0.21005.1
MinimumVisualStudioVersion = 10.0.40219.1
Project("{9092AA53-FB77-4645-B42D-1CCCA6BD08BD}") = "node-http-cache", "node-http-cache.njsproj", "{A044CEEB-7665-4900-BFB6-C9987B765FBC}"
EndProject
Global
	GlobalSection(SolutionConfigurationPlatforms) = preSolution
		Debug|Any CPU = Debug|Any CPU
		Release|Any CPU = Release|Any CPU
	EndGlobalSection
	GlobalSection(ProjectConfigurationPlatforms) = postSolution
		{A044CEEB-7665-4900-BFB6-C9987B765FBC}.Debug|Any CPU.ActiveCfg = Debug|Any CPU
		{A044CEEB-7665-4900-BFB6-C9987B765FBC}.Debug|Any CPU.Build.0 = Debug|Any CPU
		{A044CEEB-7665-4900-BFB6-C9987B765FBC}.Release|Any CPU.ActiveCfg = Release|Any CPU
		{A044CEEB-7665-4900-BFB6-C9987B765FBC}.Release|Any CPU.Build.0 = Release|Any CPU
	EndGlobalSection
	GlobalSection(SolutionProperties) = preSolution
		HideSolutionNode = FALSE
	EndGlobalSection
EndGlobal
